<Solution>
  <Project Path="ConsoleApp/ConsoleApp.csproj" />
  <Project Path="Services/Services.csproj" />
  <Project Path="StorageModels/StorageModels.csproj" />
  <Project Path="UIModels/UIModels.csproj" Id="d489ed62-7e58-45f6-bddd-e9c50cea24b4" />
  <Project Path="ViewModels/ViewModels.csproj" />
</Solution>
